
Microsoft Visual Studio Solution File, Format Version 12.00
# Visual Studio Version 17
VisualStudioVersion = 17.7.34031.279
MinimumVisualStudioVersion = 10.0.40219.1
Project("{FAE04EC0-301F-11D3-BF4B-00C04F79EFBC}") = "FLNotePad.NET", "FLNotePad.NET.csproj", "{B3AD9435-47EC-40C0-950A-8B3732643E31}"
	ProjectSection(ProjectDependencies) = postProject
		{45A3F930-1A71-4B5D-905A-2CD1DD700EF6} = {45A3F930-1A71-4B5D-905A-2CD1DD700EF6}
	EndProjectSection
EndProject
Project("{FAE04EC0-301F-11D3-BF4B-00C04F79EFBC}") = "SearchableControls", "SearchableControls.csproj", "{45A3F930-1A71-4B5D-905A-2CD1DD700EF6}"
EndProject
Project("{FAE04EC0-301F-11D3-BF4B-00C04F79EFBC}") = "FLNotePad.NETTests", "..\FLNotePad.NETTests\FLNotePad.NETTests.csproj", "{323523F9-A663-46C2-B722-F319B4DA6696}"
EndProject
Global
	GlobalSection(SolutionConfigurationPlatforms) = preSolution
		Debug|Any CPU = Debug|Any CPU
		Release|Any CPU = Release|Any CPU
	EndGlobalSection
	GlobalSection(ProjectConfigurationPlatforms) = postSolution
		{B3AD9435-47EC-40C0-950A-8B3732643E31}.Debug|Any CPU.ActiveCfg = Debug|Any CPU
		{B3AD9435-47EC-40C0-950A-8B3732643E31}.Debug|Any CPU.Build.0 = Debug|Any CPU
		{B3AD9435-47EC-40C0-950A-8B3732643E31}.Release|Any CPU.ActiveCfg = Release|Any CPU
		{B3AD9435-47EC-40C0-950A-8B3732643E31}.Release|Any CPU.Build.0 = Release|Any CPU
		{45A3F930-1A71-4B5D-905A-2CD1DD700EF6}.Debug|Any CPU.ActiveCfg = Debug|Any CPU
		{45A3F930-1A71-4B5D-905A-2CD1DD700EF6}.Debug|Any CPU.Build.0 = Debug|Any CPU
		{45A3F930-1A71-4B5D-905A-2CD1DD700EF6}.Release|Any CPU.ActiveCfg = Release|Any CPU
		{45A3F930-1A71-4B5D-905A-2CD1DD700EF6}.Release|Any CPU.Build.0 = Release|Any CPU
		{323523F9-A663-46C2-B722-F319B4DA6696}.Debug|Any CPU.ActiveCfg = Debug|Any CPU
		{323523F9-A663-46C2-B722-F319B4DA6696}.Debug|Any CPU.Build.0 = Debug|Any CPU
		{323523F9-A663-46C2-B722-F319B4DA6696}.Release|Any CPU.ActiveCfg = Release|Any CPU
		{323523F9-A663-46C2-B722-F319B4DA6696}.Release|Any CPU.Build.0 = Release|Any CPU
	EndGlobalSection
	GlobalSection(SolutionProperties) = preSolution
		HideSolutionNode = FALSE
	EndGlobalSection
	GlobalSection(ExtensibilityGlobals) = postSolution
		SolutionGuid = {A2A395B0-3159-4103-83D8-CE5A3DA386F4}
	EndGlobalSection
EndGlobal
